# This file is automatically @generated by Poetry 1.8.4 and should not be changed by hand.

[[package]]
name = "duckdb"
version = "1.3.1"
description = "DuckDB in-process database"
optional = false
python-versions = ">=3.7.0"
files = [
    {file = "duckdb-1.3.1-cp310-cp310-macosx_12_0_arm64.whl", hash = "sha256:8321ecd3c6be22660ac7b48d1770781b2a9d22e3f961ad0bb9f851d4e109806c"},
    {file = "duckdb-1.3.1-cp310-cp310-macosx_12_0_universal2.whl", hash = "sha256:ccccc9dc9cb2269430fed29a2be8ff65a84d7b9e427548e02b5a8e1e1aacfa6d"},
    {file = "duckdb-1.3.1-cp310-cp310-macosx_12_0_x86_64.whl", hash = "sha256:f8a1ca3bbf84275ba4e0da2bccf6d43cb277a19af6f88fb86f98c33a98cce02e"},
    {file = "duckdb-1.3.1-cp310-cp310-manylinux_2_27_aarch64.manylinux_2_28_aarch64.whl", hash = "sha256:3ed9a942ba1167a51c0eb9f23c567051a51da4cbf920b3ac83fe63b010c4334c"},
    {file = "duckdb-1.3.1-cp310-cp310-manylinux_2_27_x86_64.manylinux_2_28_x86_64.whl", hash = "sha256:26944ff2c09749077ee63e5fec634da431b0b8eb7dd0d30c24fa7fe89ce70b66"},
    {file = "duckdb-1.3.1-cp310-cp310-musllinux_1_2_x86_64.whl", hash = "sha256:1ac996ac099f5d15468e33a93caf078da0fdace48c8a2c9af41e7bec766602f3"},
    {file = "duckdb-1.3.1-cp310-cp310-win_amd64.whl", hash = "sha256:57a2324f8206a52f5fd2b44f34c3746bed8bcd5e98b05b298e04fafbf30e5079"},
    {file = "duckdb-1.3.1-cp311-cp311-macosx_12_0_arm64.whl", hash = "sha256:376193078285b243910b1239a927e271d12d9bf6358a6937d1f7af253cfef2b6"},
    {file = "duckdb-1.3.1-cp311-cp311-macosx_12_0_universal2.whl", hash = "sha256:d690576e8b4479b1e0c58cd8179f600f67af237ad31186fb10e867a02d4d66ff"},
    {file = "duckdb-1.3.1-cp311-cp311-macosx_12_0_x86_64.whl", hash = "sha256:833b3c0208c238aac0d9287fcaca93ea54b82deabd8d162a469bd9adb42a0453"},
    {file = "duckdb-1.3.1-cp311-cp311-manylinux_2_27_aarch64.manylinux_2_28_aarch64.whl", hash = "sha256:8bdd53e62917298208b7182d5fd1686a4caddc573dc1a95a58ca054105b23b38"},
    {file = "duckdb-1.3.1-cp311-cp311-manylinux_2_27_x86_64.manylinux_2_28_x86_64.whl", hash = "sha256:591c9ca1b8dc591548bf56b2f18e26ca2339d7b95613009f6ba00af855210029"},
    {file = "duckdb-1.3.1-cp311-cp311-musllinux_1_2_x86_64.whl", hash = "sha256:18f21142546edb5f935963f8f012b6569b978f398d48709da276b245ee4f5f4d"},
    {file = "duckdb-1.3.1-cp311-cp311-win_amd64.whl", hash = "sha256:59121f0a8220b72050046a816e85e7464eb78e395f64118161b1115855284f87"},
    {file = "duckdb-1.3.1-cp312-cp312-macosx_12_0_arm64.whl", hash = "sha256:73f389f9c713325a6994dd9e04a7fa23bd73e8387883f8086946a9d3a1dd70e1"},
    {file = "duckdb-1.3.1-cp312-cp312-macosx_12_0_universal2.whl", hash = "sha256:87c99569274b453d8f9963e43fea74bc86901773fac945c1fe612c133a91e506"},
    {file = "duckdb-1.3.1-cp312-cp312-macosx_12_0_x86_64.whl", hash = "sha256:21da268355dfdf859b3d4db22180f7d5dd85a60517e077cb4158768cd5f0ee44"},
    {file = "duckdb-1.3.1-cp312-cp312-manylinux_2_27_aarch64.manylinux_2_28_aarch64.whl", hash = "sha256:77902954d15ba4aff92e82df700643b995c057f2d7d39af7ed226d8cceb9c2af"},
    {file = "duckdb-1.3.1-cp312-cp312-manylinux_2_27_x86_64.manylinux_2_28_x86_64.whl", hash = "sha256:67b1a3c9e2c3474991da97edfec0a89f382fef698d7f64b2d8d09006eaeeea24"},
    {file = "duckdb-1.3.1-cp312-cp312-musllinux_1_2_x86_64.whl", hash = "sha256:f1d076b12f0d2a7f9090ad9e4057ac41af3e4785969e5997afd44922c7b141e0"},
    {file = "duckdb-1.3.1-cp312-cp312-win_amd64.whl", hash = "sha256:bf7d6884bfb67aef67aebb0bd2460ea1137c55b3fd8794a3530c653dbe0d4019"},
    {file = "duckdb-1.3.1-cp313-cp313-macosx_12_0_arm64.whl", hash = "sha256:72bbc8479c5d88e839a92c458c94c622f917ff0122853323728d6e25b0c3d4e1"},
    {file = "duckdb-1.3.1-cp313-cp313-macosx_12_0_universal2.whl", hash = "sha256:937de83df6bbe4bee5830ce80f568d4c0ebf3ef5eb809db3343d2161e4f6e42b"},
    {file = "duckdb-1.3.1-cp313-cp313-macosx_12_0_x86_64.whl", hash = "sha256:21440dd37f073944badd495c299c6d085cd133633450467ec420c71897ac1d5b"},
    {file = "duckdb-1.3.1-cp313-cp313-manylinux_2_27_aarch64.manylinux_2_28_aarch64.whl", hash = "sha256:663610b591ea6964f140441c81b718e745704cf098c540e905b200b9079e2a5c"},
    {file = "duckdb-1.3.1-cp313-cp313-manylinux_2_27_x86_64.manylinux_2_28_x86_64.whl", hash = "sha256:8793b5abb365bbbf64ba3065f3a37951fe04f2d4506b0e24f3f8ecd08b3af4ba"},
    {file = "duckdb-1.3.1-cp313-cp313-musllinux_1_2_x86_64.whl", hash = "sha256:27d775a5af405d1c228561830c8ccbe4e2832dafb4012f16c05fde1cde206dee"},
    {file = "duckdb-1.3.1-cp313-cp313-win_amd64.whl", hash = "sha256:3eb045a9bf92da890d890cde2f676b3bda61b9de3b7dc46cbaaf75875b41e4b0"},
    {file = "duckdb-1.3.1-cp39-cp39-macosx_12_0_arm64.whl", hash = "sha256:fb86f0506d9e402187820030c71026b44138908feff2963ef4203f25d89296c0"},
    {file = "duckdb-1.3.1-cp39-cp39-macosx_12_0_universal2.whl", hash = "sha256:b1d21f66e89100d7ae8353800d9525e5e24d19299b1fb099564d1106336dfdba"},
    {file = "duckdb-1.3.1-cp39-cp39-macosx_12_0_x86_64.whl", hash = "sha256:a4d0019672cb3c1f2bbfceefdd23d14113472df3e70c5796866d6ba19a2c1575"},
    {file = "duckdb-1.3.1-cp39-cp39-manylinux_2_27_aarch64.manylinux_2_28_aarch64.whl", hash = "sha256:ebfd06a746b0f8fb1e83bc79bfa29b4b4ebe8c095d1c790b88f4d60d58e0ebbd"},
    {file = "duckdb-1.3.1-cp39-cp39-manylinux_2_27_x86_64.manylinux_2_28_x86_64.whl", hash = "sha256:13d20cb8248f36b999bd1cbdd63d9066d7beb40ce9e6c2040ef2d7c6947f2152"},
    {file = "duckdb-1.3.1-cp39-cp39-musllinux_1_2_x86_64.whl", hash = "sha256:265979d57193fbeaf13b732a02ca9fadba76c694f2d63d87a7f136357f8c2dca"},
    {file = "duckdb-1.3.1-cp39-cp39-win_amd64.whl", hash = "sha256:63e6757065ca24d327a9a8ebd7e0400ab3c73cd7f5876e75e9f49f3453aff793"},
    {file = "duckdb-1.3.1.tar.gz", hash = "sha256:8e101990a879533b1d33f003df2eb2a3c4bc7bdf976bd7ef7c32342047935327"},
]

[[package]]
name = "polars"
version = "1.31.0"
description = "Blazingly fast DataFrame library"
optional = false
python-versions = ">=3.9"
files = [
    {file = "polars-1.31.0-cp39-abi3-macosx_10_12_x86_64.whl", hash = "sha256:ccc68cd6877deecd46b13cbd2663ca89ab2a2cb1fe49d5cfc66a9cef166566d9"},
    {file = "polars-1.31.0-cp39-abi3-macosx_11_0_arm64.whl", hash = "sha256:a94c5550df397ad3c2d6adc212e59fd93d9b044ec974dd3653e121e6487a7d21"},
    {file = "polars-1.31.0-cp39-abi3-manylinux_2_17_x86_64.manylinux2014_x86_64.whl", hash = "sha256:ada7940ed92bea65d5500ae7ac1f599798149df8faa5a6db150327c9ddbee4f1"},
    {file = "polars-1.31.0-cp39-abi3-manylinux_2_24_aarch64.whl", hash = "sha256:b324e6e3e8c6cc6593f9d72fe625f06af65e8d9d47c8686583585533a5e731e1"},
    {file = "polars-1.31.0-cp39-abi3-win_amd64.whl", hash = "sha256:3fd874d3432fc932863e8cceff2cff8a12a51976b053f2eb6326a0672134a632"},
    {file = "polars-1.31.0-cp39-abi3-win_arm64.whl", hash = "sha256:62ef23bb9d10dca4c2b945979f9a50812ac4ace4ed9e158a6b5d32a7322e6f75"},
    {file = "polars-1.31.0.tar.gz", hash = "sha256:59a88054a5fc0135386268ceefdbb6a6cc012d21b5b44fed4f1d3faabbdcbf32"},
]

[package.extras]
adbc = ["adbc-driver-manager[dbapi]", "adbc-driver-sqlite[dbapi]"]
all = ["polars[async,cloudpickle,database,deltalake,excel,fsspec,graph,iceberg,numpy,pandas,plot,pyarrow,pydantic,style,timezone]"]
async = ["gevent"]
calamine = ["fastexcel (>=0.9)"]
cloudpickle = ["cloudpickle"]
connectorx = ["connectorx (>=0.3.2)"]
database = ["polars[adbc,connectorx,sqlalchemy]"]
deltalake = ["deltalake (>=1.0.0)"]
excel = ["polars[calamine,openpyxl,xlsx2csv,xlsxwriter]"]
fsspec = ["fsspec"]
gpu = ["cudf-polars-cu12"]
graph = ["matplotlib"]
iceberg = ["pyiceberg (>=0.7.1)"]
numpy = ["numpy (>=1.16.0)"]
openpyxl = ["openpyxl (>=3.0.0)"]
pandas = ["pandas", "polars[pyarrow]"]
plot = ["altair (>=5.4.0)"]
polars-cloud = ["polars-cloud (>=0.0.1a1)"]
pyarrow = ["pyarrow (>=7.0.0)"]
pydantic = ["pydantic"]
sqlalchemy = ["polars[pandas]", "sqlalchemy"]
style = ["great-tables (>=0.8.0)"]
timezone = ["tzdata"]
xlsx2csv = ["xlsx2csv (>=0.8.0)"]
xlsxwriter = ["xlsxwriter"]

[[package]]
name = "ruff"
version = "0.12.0"
description = "An extremely fast Python linter and code formatter, written in Rust."
optional = false
python-versions = ">=3.7"
files = [
    {file = "ruff-0.12.0-py3-none-linux_armv6l.whl", hash = "sha256:5652a9ecdb308a1754d96a68827755f28d5dfb416b06f60fd9e13f26191a8848"},
    {file = "ruff-0.12.0-py3-none-macosx_10_12_x86_64.whl", hash = "sha256:05ed0c914fabc602fc1f3b42c53aa219e5736cb030cdd85640c32dbc73da74a6"},
    {file = "ruff-0.12.0-py3-none-macosx_11_0_arm64.whl", hash = "sha256:07a7aa9b69ac3fcfda3c507916d5d1bca10821fe3797d46bad10f2c6de1edda0"},
    {file = "ruff-0.12.0-py3-none-manylinux_2_17_aarch64.manylinux2014_aarch64.whl", hash = "sha256:e7731c3eec50af71597243bace7ec6104616ca56dda2b99c89935fe926bdcd48"},
    {file = "ruff-0.12.0-py3-none-manylinux_2_17_armv7l.manylinux2014_armv7l.whl", hash = "sha256:952d0630eae628250ab1c70a7fffb641b03e6b4a2d3f3ec6c1d19b4ab6c6c807"},
    {file = "ruff-0.12.0-py3-none-manylinux_2_17_i686.manylinux2014_i686.whl", hash = "sha256:c021f04ea06966b02614d442e94071781c424ab8e02ec7af2f037b4c1e01cc82"},
    {file = "ruff-0.12.0-py3-none-manylinux_2_17_ppc64.manylinux2014_ppc64.whl", hash = "sha256:7d235618283718ee2fe14db07f954f9b2423700919dc688eacf3f8797a11315c"},
    {file = "ruff-0.12.0-py3-none-manylinux_2_17_ppc64le.manylinux2014_ppc64le.whl", hash = "sha256:0c0758038f81beec8cc52ca22de9685b8ae7f7cc18c013ec2050012862cc9165"},
    {file = "ruff-0.12.0-py3-none-manylinux_2_17_s390x.manylinux2014_s390x.whl", hash = "sha256:139b3d28027987b78fc8d6cfb61165447bdf3740e650b7c480744873688808c2"},
    {file = "ruff-0.12.0-py3-none-manylinux_2_17_x86_64.manylinux2014_x86_64.whl", hash = "sha256:68853e8517b17bba004152aebd9dd77d5213e503a5f2789395b25f26acac0da4"},
    {file = "ruff-0.12.0-py3-none-musllinux_1_2_aarch64.whl", hash = "sha256:3a9512af224b9ac4757f7010843771da6b2b0935a9e5e76bb407caa901a1a514"},
    {file = "ruff-0.12.0-py3-none-musllinux_1_2_armv7l.whl", hash = "sha256:b08df3d96db798e5beb488d4df03011874aff919a97dcc2dd8539bb2be5d6a88"},
    {file = "ruff-0.12.0-py3-none-musllinux_1_2_i686.whl", hash = "sha256:6a315992297a7435a66259073681bb0d8647a826b7a6de45c6934b2ca3a9ed51"},
    {file = "ruff-0.12.0-py3-none-musllinux_1_2_x86_64.whl", hash = "sha256:1e55e44e770e061f55a7dbc6e9aed47feea07731d809a3710feda2262d2d4d8a"},
    {file = "ruff-0.12.0-py3-none-win32.whl", hash = "sha256:7162a4c816f8d1555eb195c46ae0bd819834d2a3f18f98cc63819a7b46f474fb"},
    {file = "ruff-0.12.0-py3-none-win_amd64.whl", hash = "sha256:d00b7a157b8fb6d3827b49d3324da34a1e3f93492c1f97b08e222ad7e9b291e0"},
    {file = "ruff-0.12.0-py3-none-win_arm64.whl", hash = "sha256:8cd24580405ad8c1cc64d61725bca091d6b6da7eb3d36f72cc605467069d7e8b"},
    {file = "ruff-0.12.0.tar.gz", hash = "sha256:4d047db3662418d4a848a3fdbfaf17488b34b62f527ed6f10cb8afd78135bc5c"},
]

[metadata]
lock-version = "2.0"
python-versions = "^3.13"
content-hash = "0b5d8a61eab32754c50657cff789bed85c6b8da8da3acdbcbc8aa288bc1c0832"
